
Microsoft Visual Studio Solution File, Format Version 12.00
# Visual Studio Version 17
VisualStudioVersion = 17.4.33205.214
MinimumVisualStudioVersion = 10.0.40219.1
Project("{FAE04EC0-301F-11D3-BF4B-00C04F79EFBC}") = "RecipeJournalApi", "RecipeJournalApi.csproj", "{48056092-65F7-44D8-8785-F2420C420735}"
EndProject
Global
	GlobalSection(SolutionConfigurationPlatforms) = preSolution
		Debug|Any CPU = Debug|Any CPU
		Release|Any CPU = Release|Any CPU
	EndGlobalSection
	GlobalSection(ProjectConfigurationPlatforms) = postSolution
		{48056092-65F7-44D8-8785-F2420C420735}.Debug|Any CPU.ActiveCfg = Debug|Any CPU
		{48056092-65F7-44D8-8785-F2420C420735}.Debug|Any CPU.Build.0 = Debug|Any CPU
		{48056092-65F7-44D8-8785-F2420C420735}.Release|Any CPU.ActiveCfg = Release|Any CPU
		{48056092-65F7-44D8-8785-F2420C420735}.Release|Any CPU.Build.0 = Release|Any CPU
	EndGlobalSection
	GlobalSection(SolutionProperties) = preSolution
		HideSolutionNode = FALSE
	EndGlobalSection
	GlobalSection(ExtensibilityGlobals) = postSolution
		SolutionGuid = {557F662A-B1CF-4F89-927E-2140EFE9C438}
	EndGlobalSection
EndGlobal
